
Microsoft Visual Studio Solution File, Format Version 12.00
# Visual Studio Version 16
VisualStudioVersion = 16.0.30523.141
MinimumVisualStudioVersion = 10.0.40219.1
Project("{FAE04EC0-301F-11D3-BF4B-00C04F79EFBC}") = "PiRyte_Mini_ATX_PSU-Service", "PiRyte_Mini_ATX_PSU-Service\PiRyte_Mini_ATX_PSU-Service.csproj", "{A6AC314F-DBD6-452A-8136-75A485886A3E}"
EndProject
Global
	GlobalSection(SolutionConfigurationPlatforms) = preSolution
		Debug|Any CPU = Debug|Any CPU
		Release|Any CPU = Release|Any CPU
	EndGlobalSection
	GlobalSection(ProjectConfigurationPlatforms) = postSolution
		{A6AC314F-DBD6-452A-8136-75A485886A3E}.Debug|Any CPU.ActiveCfg = Debug|Any CPU
		{A6AC314F-DBD6-452A-8136-75A485886A3E}.Debug|Any CPU.Build.0 = Debug|Any CPU
		{A6AC314F-DBD6-452A-8136-75A485886A3E}.Release|Any CPU.ActiveCfg = Release|Any CPU
		{A6AC314F-DBD6-452A-8136-75A485886A3E}.Release|Any CPU.Build.0 = Release|Any CPU
	EndGlobalSection
	GlobalSection(SolutionProperties) = preSolution
		HideSolutionNode = FALSE
	EndGlobalSection
	GlobalSection(ExtensibilityGlobals) = postSolution
		SolutionGuid = {791CA8A9-3DF3-4FDE-8C87-9A70D2B435EC}
	EndGlobalSection
EndGlobal
